
Microsoft Visual Studio Solution File, Format Version 12.00
# Visual Studio Version 16
VisualStudioVersion = 16.0.29926.136
MinimumVisualStudioVersion = 10.0.40219.1
Project("{FAE04EC0-301F-11D3-BF4B-00C04F79EFBC}") = "Bakery", "Bakery\Bakery.csproj", "{371721EB-39FA-41F1-B076-F693851242D5}"
EndProject
Global
	GlobalSection(SolutionConfigurationPlatforms) = preSolution
		Debug|Any CPU = Debug|Any CPU
		Release|Any CPU = Release|Any CPU
	EndGlobalSection
	GlobalSection(ProjectConfigurationPlatforms) = postSolution
		{371721EB-39FA-41F1-B076-F693851242D5}.Debug|Any CPU.ActiveCfg = Debug|Any CPU
		{371721EB-39FA-41F1-B076-F693851242D5}.Debug|Any CPU.Build.0 = Debug|Any CPU
		{371721EB-39FA-41F1-B076-F693851242D5}.Release|Any CPU.ActiveCfg = Release|Any CPU
		{371721EB-39FA-41F1-B076-F693851242D5}.Release|Any CPU.Build.0 = Release|Any CPU
	EndGlobalSection
	GlobalSection(SolutionProperties) = preSolution
		HideSolutionNode = FALSE
	EndGlobalSection
	GlobalSection(ExtensibilityGlobals) = postSolution
		SolutionGuid = {D82AFAFD-85C5-4845-ACA7-E1620127D857}
	EndGlobalSection
EndGlobal
